
Microsoft Visual Studio Solution File, Format Version 12.00
# Visual Studio Version 17
VisualStudioVersion = 17.0.32112.339
MinimumVisualStudioVersion = 10.0.40219.1
Project("{FAE04EC0-301F-11D3-BF4B-00C04F79EFBC}") = "Sobytie", "Sobytie\Sobytie.csproj", "{52362A54-BBEF-4C48-8284-C65049348EE9}"
EndProject
Global
	GlobalSection(SolutionConfigurationPlatforms) = preSolution
		Debug|Any CPU = Debug|Any CPU
		Release|Any CPU = Release|Any CPU
	EndGlobalSection
	GlobalSection(ProjectConfigurationPlatforms) = postSolution
		{52362A54-BBEF-4C48-8284-C65049348EE9}.Debug|Any CPU.ActiveCfg = Debug|Any CPU
		{52362A54-BBEF-4C48-8284-C65049348EE9}.Debug|Any CPU.Build.0 = Debug|Any CPU
		{52362A54-BBEF-4C48-8284-C65049348EE9}.Release|Any CPU.ActiveCfg = Release|Any CPU
		{52362A54-BBEF-4C48-8284-C65049348EE9}.Release|Any CPU.Build.0 = Release|Any CPU
	EndGlobalSection
	GlobalSection(SolutionProperties) = preSolution
		HideSolutionNode = FALSE
	EndGlobalSection
	GlobalSection(ExtensibilityGlobals) = postSolution
		SolutionGuid = {491C83FB-D0CD-4681-AB0D-FC1AC42CB146}
	EndGlobalSection
EndGlobal
